
Microsoft Visual Studio Solution File, Format Version 12.00
# Visual Studio 15
VisualStudioVersion = 15.0.28307.168
MinimumVisualStudioVersion = 10.0.40219.1
Project("{FAE04EC0-301F-11D3-BF4B-00C04F79EFBC}") = "FillwordGame", "FillwordGame\FillwordGame.csproj", "{A8A3BD45-C568-424F-82AE-1B4335125E49}"
EndProject
Project("{FAE04EC0-301F-11D3-BF4B-00C04F79EFBC}") = "FillwordGameLibrary", "FillwordGameLibrary\FillwordGameLibrary.csproj", "{EC99820F-BA46-44AC-9D67-D823AAC7BBC3}"
EndProject
Global
	GlobalSection(SolutionConfigurationPlatforms) = preSolution
		Debug|Any CPU = Debug|Any CPU
		Release|Any CPU = Release|Any CPU
	EndGlobalSection
	GlobalSection(ProjectConfigurationPlatforms) = postSolution
		{A8A3BD45-C568-424F-82AE-1B4335125E49}.Debug|Any CPU.ActiveCfg = Debug|Any CPU
		{A8A3BD45-C568-424F-82AE-1B4335125E49}.Debug|Any CPU.Build.0 = Debug|Any CPU
		{A8A3BD45-C568-424F-82AE-1B4335125E49}.Release|Any CPU.ActiveCfg = Release|Any CPU
		{A8A3BD45-C568-424F-82AE-1B4335125E49}.Release|Any CPU.Build.0 = Release|Any CPU
		{EC99820F-BA46-44AC-9D67-D823AAC7BBC3}.Debug|Any CPU.ActiveCfg = Debug|Any CPU
		{EC99820F-BA46-44AC-9D67-D823AAC7BBC3}.Debug|Any CPU.Build.0 = Debug|Any CPU
		{EC99820F-BA46-44AC-9D67-D823AAC7BBC3}.Release|Any CPU.ActiveCfg = Release|Any CPU
		{EC99820F-BA46-44AC-9D67-D823AAC7BBC3}.Release|Any CPU.Build.0 = Release|Any CPU
	EndGlobalSection
	GlobalSection(SolutionProperties) = preSolution
		HideSolutionNode = FALSE
	EndGlobalSection
	GlobalSection(ExtensibilityGlobals) = postSolution
		SolutionGuid = {573BEAA8-BAEC-4638-A4D6-BCFE9F82D448}
	EndGlobalSection
EndGlobal
